
Microsoft Visual Studio Solution File, Format Version 12.00
# Visual Studio Version 16
VisualStudioVersion = 16.0.33423.256
MinimumVisualStudioVersion = 10.0.40219.1
Project("{8BC9CEB8-8B4A-11D0-8D11-00A0C91BC942}") = "T_UI", "T_UI\T_UI.vcxproj", "{942BA8CF-A761-40FC-8411-3A95548278DB}"
EndProject
Project("{8BC9CEB8-8B4A-11D0-8D11-00A0C91BC942}") = "T_Tool", "T_Tool\T_Tool.vcxproj", "{756340A3-B6D3-4797-9192-04134EEF2627}"
EndProject
Project("{8BC9CEB8-8B4A-11D0-8D11-00A0C91BC942}") = "SandBox", "SandBox\SandBox.vcxproj", "{D2D3F006-83C4-4E08-A4BA-C8DFE3892100}"
	ProjectSection(ProjectDependencies) = postProject
		{756340A3-B6D3-4797-9192-04134EEF2627} = {756340A3-B6D3-4797-9192-04134EEF2627}
		{E517EFE5-0E80-4A47-8E13-287EE9B583B9} = {E517EFE5-0E80-4A47-8E13-287EE9B583B9}
	EndProjectSection
EndProject
Project("{8BC9CEB8-8B4A-11D0-8D11-00A0C91BC942}") = "T_Core", "T_Core\T_Core.vcxproj", "{E517EFE5-0E80-4A47-8E13-287EE9B583B9}"
EndProject
Global
	GlobalSection(SolutionConfigurationPlatforms) = preSolution
		Debug|x64 = Debug|x64
		Debug|x86 = Debug|x86
		Release|x64 = Release|x64
		Release|x86 = Release|x86
	EndGlobalSection
	GlobalSection(ProjectConfigurationPlatforms) = postSolution
		{942BA8CF-A761-40FC-8411-3A95548278DB}.Debug|x64.ActiveCfg = Debug|x64
		{942BA8CF-A761-40FC-8411-3A95548278DB}.Debug|x86.ActiveCfg = Debug|Win32
		{942BA8CF-A761-40FC-8411-3A95548278DB}.Debug|x86.Build.0 = Debug|Win32
		{942BA8CF-A761-40FC-8411-3A95548278DB}.Release|x64.ActiveCfg = Release|x64
		{942BA8CF-A761-40FC-8411-3A95548278DB}.Release|x86.ActiveCfg = Release|Win32
		{756340A3-B6D3-4797-9192-04134EEF2627}.Debug|x64.ActiveCfg = Debug|x64
		{756340A3-B6D3-4797-9192-04134EEF2627}.Debug|x86.ActiveCfg = Debug|Win32
		{756340A3-B6D3-4797-9192-04134EEF2627}.Debug|x86.Build.0 = Debug|Win32
		{756340A3-B6D3-4797-9192-04134EEF2627}.Release|x64.ActiveCfg = Release|x64
		{756340A3-B6D3-4797-9192-04134EEF2627}.Release|x86.ActiveCfg = Release|Win32
		{D2D3F006-83C4-4E08-A4BA-C8DFE3892100}.Debug|x64.ActiveCfg = Debug|x64
		{D2D3F006-83C4-4E08-A4BA-C8DFE3892100}.Debug|x64.Build.0 = Debug|x64
		{D2D3F006-83C4-4E08-A4BA-C8DFE3892100}.Debug|x86.ActiveCfg = Debug|Win32
		{D2D3F006-83C4-4E08-A4BA-C8DFE3892100}.Debug|x86.Build.0 = Debug|Win32
		{D2D3F006-83C4-4E08-A4BA-C8DFE3892100}.Release|x64.ActiveCfg = Release|x64
		{D2D3F006-83C4-4E08-A4BA-C8DFE3892100}.Release|x64.Build.0 = Release|x64
		{D2D3F006-83C4-4E08-A4BA-C8DFE3892100}.Release|x86.ActiveCfg = Release|Win32
		{D2D3F006-83C4-4E08-A4BA-C8DFE3892100}.Release|x86.Build.0 = Release|Win32
		{E517EFE5-0E80-4A47-8E13-287EE9B583B9}.Debug|x64.ActiveCfg = Debug|x64
		{E517EFE5-0E80-4A47-8E13-287EE9B583B9}.Debug|x64.Build.0 = Debug|x64
		{E517EFE5-0E80-4A47-8E13-287EE9B583B9}.Debug|x86.ActiveCfg = Debug|Win32
		{E517EFE5-0E80-4A47-8E13-287EE9B583B9}.Debug|x86.Build.0 = Debug|Win32
		{E517EFE5-0E80-4A47-8E13-287EE9B583B9}.Release|x64.ActiveCfg = Release|x64
		{E517EFE5-0E80-4A47-8E13-287EE9B583B9}.Release|x64.Build.0 = Release|x64
		{E517EFE5-0E80-4A47-8E13-287EE9B583B9}.Release|x86.ActiveCfg = Release|Win32
		{E517EFE5-0E80-4A47-8E13-287EE9B583B9}.Release|x86.Build.0 = Release|Win32
	EndGlobalSection
	GlobalSection(SolutionProperties) = preSolution
		HideSolutionNode = FALSE
	EndGlobalSection
	GlobalSection(ExtensibilityGlobals) = postSolution
		SolutionGuid = {48606E26-78BE-4FE2-8286-7FD0A6C9EDC6}
	EndGlobalSection
EndGlobal
